{
  "nodes": {
    "emacs-overlay": {
      "locked": {
        "lastModified": 1645587073,
        "narHash": "sha256-xqhuO4/hfRm9mWVLlkK2glsxPFUVXEiPVmmOfsjxIRk=",
        "owner": "nix-community",
        "repo": "emacs-overlay",
        "rev": "07ad9cf4d1f5fefed60950e923a4788a1ff219bd",
        "type": "github"
      },
      "original": {
        "owner": "nix-community",
        "repo": "emacs-overlay",
        "type": "github"
      }
    },
    "flake-utils": {
      "locked": {
        "lastModified": 1644229661,
        "narHash": "sha256-1YdnJAsNy69bpcjuoKdOYQX0YxZBiCYZo4Twxerqv7k=",
        "owner": "numtide",
        "repo": "flake-utils",
        "rev": "3cecb5b042f7f209c56ffd8371b2711a290ec797",
        "type": "github"
      },
      "original": {
        "owner": "numtide",
        "repo": "flake-utils",
        "type": "github"
      }
    },
    "home-manager": {
      "inputs": {
        "nixpkgs": [
          "nixpkgs"
        ]
      },
      "locked": {
        "lastModified": 1645557328,
        "narHash": "sha256-7PCAESO8HxuSk1hH1J2ld+kK6fugFqNd+vqIXSGz1ag=",
        "owner": "nix-community",
        "repo": "home-manager",
        "rev": "838d40d61a91e3807836545c4b420572ab2d62eb",
        "type": "github"
      },
      "original": {
        "owner": "nix-community",
        "repo": "home-manager",
        "type": "github"
      }
    },
    "nixpkgs": {
      "locked": {
        "lastModified": 1645433236,
        "narHash": "sha256-4va4MvJ076XyPp5h8sm5eMQvCrJ6yZAbBmyw95dGyw4=",
        "owner": "NixOS",
        "repo": "nixpkgs",
        "rev": "7f9b6e2babf232412682c09e57ed666d8f84ac2d",
        "type": "github"
      },
      "original": {
        "owner": "NixOS",
        "ref": "nixos-unstable",
        "repo": "nixpkgs",
        "type": "github"
      }
    },
    "root": {
      "inputs": {
        "emacs-overlay": "emacs-overlay",
        "home-manager": "home-manager",
        "nixpkgs": "nixpkgs",
        "system-source": "system-source"
      }
    },
    "system-source": {
      "inputs": {
        "flake-utils": "flake-utils",
        "nixpkgs": [
          "nixpkgs"
        ]
      },
      "locked": {
        "narHash": "sha256-YoaDDfU183o6b/ISzcn+vz2wRsUlCop6X6lcnpY8x6Q=",
        "path": "/nix/store/jpqzr8x18iz2f8aq2zr5p33hrf7yagi7-source/config",
        "type": "path"
      },
      "original": {
        "path": "/nix/store/jpqzr8x18iz2f8aq2zr5p33hrf7yagi7-source/config",
        "type": "path"
      }
    }
  },
  "root": "root",
  "version": 7
}
