{
  "nodes": {
    "emacs-overlay": {
      "inputs": {
        "flake-utils": "flake-utils",
        "nixpkgs": "nixpkgs"
      },
      "locked": {
        "lastModified": 1661856816,
        "narHash": "sha256-pb/Xu1p5q3xtk5nxBj25eoeM02SFSQ53FjSBqT+FNhE=",
        "owner": "nix-community",
        "repo": "emacs-overlay",
        "rev": "b726259df1d6defe5af8c5be45ff6457885f2a5f",
        "type": "github"
      },
      "original": {
        "owner": "nix-community",
        "repo": "emacs-overlay",
        "type": "github"
      }
    },
    "flake-utils": {
      "locked": {
        "lastModified": 1659877975,
        "narHash": "sha256-zllb8aq3YO3h8B/U0/J1WBgAL8EX5yWf5pMj3G0NAmc=",
        "owner": "numtide",
        "repo": "flake-utils",
        "rev": "c0e246b9b83f637f4681389ecabcb2681b4f3af0",
        "type": "github"
      },
      "original": {
        "owner": "numtide",
        "repo": "flake-utils",
        "type": "github"
      }
    },
    "flake-utils_2": {
      "locked": {
        "lastModified": 1659877975,
        "narHash": "sha256-zllb8aq3YO3h8B/U0/J1WBgAL8EX5yWf5pMj3G0NAmc=",
        "owner": "numtide",
        "repo": "flake-utils",
        "rev": "c0e246b9b83f637f4681389ecabcb2681b4f3af0",
        "type": "github"
      },
      "original": {
        "owner": "numtide",
        "repo": "flake-utils",
        "type": "github"
      }
    },
    "home-manager": {
      "inputs": {
        "nixpkgs": [
          "nixpkgs"
        ],
        "utils": "utils"
      },
      "locked": {
        "lastModified": 1661824092,
        "narHash": "sha256-nSWLWytlXbeLrx5A+r5Pso7CvVrX5EgmIIXW/EXvPHQ=",
        "owner": "nix-community",
        "repo": "home-manager",
        "rev": "5bd66dc6cd967033489c69d486402b75d338eeb6",
        "type": "github"
      },
      "original": {
        "owner": "nix-community",
        "repo": "home-manager",
        "type": "github"
      }
    },
    "nixpkgs": {
      "locked": {
        "lastModified": 1661353537,
        "narHash": "sha256-1E2IGPajOsrkR49mM5h55OtYnU0dGyre6gl60NXKITE=",
        "owner": "NixOS",
        "repo": "nixpkgs",
        "rev": "0e304ff0d9db453a4b230e9386418fd974d5804a",
        "type": "github"
      },
      "original": {
        "id": "nixpkgs",
        "type": "indirect"
      }
    },
    "nixpkgs_2": {
      "locked": {
        "lastModified": 1661720780,
        "narHash": "sha256-AJNGyaB2eKZAYaPNjBZOzap87yL+F9ZLaFzzMkvega0=",
        "owner": "NixOS",
        "repo": "nixpkgs",
        "rev": "a63021a330d8d33d862a8e29924b42d73037dd37",
        "type": "github"
      },
      "original": {
        "owner": "NixOS",
        "ref": "nixos-unstable",
        "repo": "nixpkgs",
        "type": "github"
      }
    },
    "root": {
      "inputs": {
        "emacs-overlay": "emacs-overlay",
        "home-manager": "home-manager",
        "nixpkgs": "nixpkgs_2",
        "system-source": "system-source"
      }
    },
    "system-source": {
      "inputs": {
        "flake-utils": "flake-utils_2",
        "nixpkgs": [
          "nixpkgs"
        ]
      },
      "locked": {
        "lastModified": 1,
        "narHash": "sha256-amdNPHWZUwsTzI2wopqPJ37+cLfyliAzjO5OBEPh7Ag=",
        "path": "/nix/store/6cp0rf85fsw89hrf2w8ijx9gk1dr433k-source/config",
        "type": "path"
      },
      "original": {
        "path": "/nix/store/6cp0rf85fsw89hrf2w8ijx9gk1dr433k-source/config",
        "type": "path"
      }
    },
    "utils": {
      "locked": {
        "lastModified": 1653893745,
        "narHash": "sha256-0jntwV3Z8//YwuOjzhV2sgJJPt+HY6KhU7VZUL0fKZQ=",
        "owner": "numtide",
        "repo": "flake-utils",
        "rev": "1ed9fb1935d260de5fe1c2f7ee0ebaae17ed2fa1",
        "type": "github"
      },
      "original": {
        "owner": "numtide",
        "repo": "flake-utils",
        "type": "github"
      }
    }
  },
  "root": "root",
  "version": 7
}
