{
  "nodes": {
    "emacs-overlay": {
      "locked": {
        "lastModified": 1648177168,
        "narHash": "sha256-rSq1pfoVgt6Z6V0gu1RSHjG0b9QKvMEidjgvA3P3b5s=",
        "owner": "nix-community",
        "repo": "emacs-overlay",
        "rev": "c5e33a703a354af02481e2affc1f5155b867cc94",
        "type": "github"
      },
      "original": {
        "owner": "nix-community",
        "repo": "emacs-overlay",
        "type": "github"
      }
    },
    "flake-utils": {
      "locked": {
        "lastModified": 1644229661,
        "narHash": "sha256-1YdnJAsNy69bpcjuoKdOYQX0YxZBiCYZo4Twxerqv7k=",
        "owner": "numtide",
        "repo": "flake-utils",
        "rev": "3cecb5b042f7f209c56ffd8371b2711a290ec797",
        "type": "github"
      },
      "original": {
        "owner": "numtide",
        "repo": "flake-utils",
        "type": "github"
      }
    },
    "home-manager": {
      "inputs": {
        "nixpkgs": [
          "nixpkgs"
        ]
      },
      "locked": {
        "lastModified": 1648078876,
        "narHash": "sha256-oa3RA0Z0UwEZ1M5kQOT9oUVd4ew3XePOu2oDTenFd98=",
        "owner": "nix-community",
        "repo": "home-manager",
        "rev": "ac9404115362c901ffe5c5c215f76f74b79d5eda",
        "type": "github"
      },
      "original": {
        "owner": "nix-community",
        "repo": "home-manager",
        "type": "github"
      }
    },
    "nixpkgs": {
      "locked": {
        "lastModified": 1648069223,
        "narHash": "sha256-BXzQV8p/RR440EB9qY0ULYfTH0zSW1stjUCYeP4SF+E=",
        "owner": "NixOS",
        "repo": "nixpkgs",
        "rev": "1d08ea2bd83abef174fb43cbfb8a856b8ef2ce26",
        "type": "github"
      },
      "original": {
        "owner": "NixOS",
        "ref": "nixos-unstable",
        "repo": "nixpkgs",
        "type": "github"
      }
    },
    "root": {
      "inputs": {
        "emacs-overlay": "emacs-overlay",
        "home-manager": "home-manager",
        "nixpkgs": "nixpkgs",
        "system-source": "system-source"
      }
    },
    "system-source": {
      "inputs": {
        "flake-utils": "flake-utils",
        "nixpkgs": [
          "nixpkgs"
        ]
      },
      "locked": {
        "lastModified": 1,
        "narHash": "sha256-7RXwrE27S2hMaMTYHd7YcVlHiB4OtXS1gpfloRodPYY=",
        "path": "/nix/store/kv99kw3r9rvvf6xyfjdym20b7cg08xvv-source/config",
        "type": "path"
      },
      "original": {
        "path": "/nix/store/kv99kw3r9rvvf6xyfjdym20b7cg08xvv-source/config",
        "type": "path"
      }
    }
  },
  "root": "root",
  "version": 7
}
