{
  "nodes": {
    "emacs-overlay": {
      "locked": {
        "lastModified": 1645499398,
        "narHash": "sha256-tGMZmcPmssdjyy8H6KulbXMIdaGyWhgYCpAL9i6u2RQ=",
        "owner": "nix-community",
        "repo": "emacs-overlay",
        "rev": "3e7c26ad5645fc497ee260f35473d8827325268e",
        "type": "github"
      },
      "original": {
        "owner": "nix-community",
        "repo": "emacs-overlay",
        "type": "github"
      }
    },
    "flake-utils": {
      "locked": {
        "lastModified": 1644229661,
        "narHash": "sha256-1YdnJAsNy69bpcjuoKdOYQX0YxZBiCYZo4Twxerqv7k=",
        "owner": "numtide",
        "repo": "flake-utils",
        "rev": "3cecb5b042f7f209c56ffd8371b2711a290ec797",
        "type": "github"
      },
      "original": {
        "owner": "numtide",
        "repo": "flake-utils",
        "type": "github"
      }
    },
    "home-manager": {
      "inputs": {
        "nixpkgs": [
          "nixpkgs"
        ]
      },
      "locked": {
        "lastModified": 1645479152,
        "narHash": "sha256-8au2xAPSi3yGQBaVrYUpMY30lY9tMuNn7UMAHL7NJtw=",
        "owner": "nix-community",
        "repo": "home-manager",
        "rev": "69536af27e86a9fc875d71cb9566ccccf47b5b60",
        "type": "github"
      },
      "original": {
        "owner": "nix-community",
        "repo": "home-manager",
        "type": "github"
      }
    },
    "nixpkgs": {
      "locked": {
        "lastModified": 1645433236,
        "narHash": "sha256-4va4MvJ076XyPp5h8sm5eMQvCrJ6yZAbBmyw95dGyw4=",
        "owner": "NixOS",
        "repo": "nixpkgs",
        "rev": "7f9b6e2babf232412682c09e57ed666d8f84ac2d",
        "type": "github"
      },
      "original": {
        "owner": "NixOS",
        "ref": "nixos-unstable",
        "repo": "nixpkgs",
        "type": "github"
      }
    },
    "root": {
      "inputs": {
        "emacs-overlay": "emacs-overlay",
        "home-manager": "home-manager",
        "nixpkgs": "nixpkgs",
        "system-source": "system-source"
      }
    },
    "system-source": {
      "inputs": {
        "flake-utils": "flake-utils",
        "nixpkgs": [
          "nixpkgs"
        ]
      },
      "locked": {
        "narHash": "sha256-FvrmPy1IqQsecAhwF7jAOwM37Bn9BlsPA61iLqXY3zE=",
        "path": "/nix/store/s4z0gm9vwy5vjbfvqv8j30kwbqn0bqci-source",
        "type": "path"
      },
      "original": {
        "path": "/nix/store/s4z0gm9vwy5vjbfvqv8j30kwbqn0bqci-source",
        "type": "path"
      }
    }
  },
  "root": "root",
  "version": 7
}
